
Microsoft Visual Studio Solution File, Format Version 12.00
# Visual Studio Version 16
VisualStudioVersion = 16.0.30114.105
MinimumVisualStudioVersion = 10.0.40219.1
Project("{2150E333-8FDC-42A3-9474-1A3956D46DE8}") = "src", "src", "{FF450B2F-F584-4428-B891-7F205FE88DC1}"
EndProject
Project("{F2A71F9B-5D33-465A-A702-920D77279786}") = "Core", "src\Core\Core.fsproj", "{FF80EF4B-1687-4692-B605-EF8D0A96FD04}"
EndProject
Project("{2150E333-8FDC-42A3-9474-1A3956D46DE8}") = "tests", "tests", "{28529048-0767-40F7-A9BC-58DDE58FB06A}"
EndProject
Project("{F2A71F9B-5D33-465A-A702-920D77279786}") = "Core.Tests", "tests\Core.Tests\Core.Tests.fsproj", "{C20E0F91-E154-4F2A-91AC-90DBC999F1CD}"
EndProject
Global
	GlobalSection(SolutionConfigurationPlatforms) = preSolution
		Debug|Any CPU = Debug|Any CPU
		Release|Any CPU = Release|Any CPU
	EndGlobalSection
	GlobalSection(SolutionProperties) = preSolution
		HideSolutionNode = FALSE
	EndGlobalSection
	GlobalSection(ProjectConfigurationPlatforms) = postSolution
		{FF80EF4B-1687-4692-B605-EF8D0A96FD04}.Debug|Any CPU.ActiveCfg = Debug|Any CPU
		{FF80EF4B-1687-4692-B605-EF8D0A96FD04}.Debug|Any CPU.Build.0 = Debug|Any CPU
		{FF80EF4B-1687-4692-B605-EF8D0A96FD04}.Release|Any CPU.ActiveCfg = Release|Any CPU
		{FF80EF4B-1687-4692-B605-EF8D0A96FD04}.Release|Any CPU.Build.0 = Release|Any CPU
		{C20E0F91-E154-4F2A-91AC-90DBC999F1CD}.Debug|Any CPU.ActiveCfg = Debug|Any CPU
		{C20E0F91-E154-4F2A-91AC-90DBC999F1CD}.Debug|Any CPU.Build.0 = Debug|Any CPU
		{C20E0F91-E154-4F2A-91AC-90DBC999F1CD}.Release|Any CPU.ActiveCfg = Release|Any CPU
		{C20E0F91-E154-4F2A-91AC-90DBC999F1CD}.Release|Any CPU.Build.0 = Release|Any CPU
	EndGlobalSection
	GlobalSection(NestedProjects) = preSolution
		{FF80EF4B-1687-4692-B605-EF8D0A96FD04} = {FF450B2F-F584-4428-B891-7F205FE88DC1}
		{C20E0F91-E154-4F2A-91AC-90DBC999F1CD} = {28529048-0767-40F7-A9BC-58DDE58FB06A}
	EndGlobalSection
EndGlobal
